
Microsoft Visual Studio Solution File, Format Version 12.00
# Visual Studio Version 16
VisualStudioVersion = 16.0.31129.286
MinimumVisualStudioVersion = 10.0.40219.1
Project("{FAE04EC0-301F-11D3-BF4B-00C04F79EFBC}") = "DiscordCardLinker", "DiscordCardLinker\DiscordCardLinker.csproj", "{16163148-DD5D-4608-AEB4-E33BEEFED32D}"
EndProject
Global
	GlobalSection(SolutionConfigurationPlatforms) = preSolution
		Debug|Any CPU = Debug|Any CPU
		Release|Any CPU = Release|Any CPU
	EndGlobalSection
	GlobalSection(ProjectConfigurationPlatforms) = postSolution
		{16163148-DD5D-4608-AEB4-E33BEEFED32D}.Debug|Any CPU.ActiveCfg = Debug|Any CPU
		{16163148-DD5D-4608-AEB4-E33BEEFED32D}.Debug|Any CPU.Build.0 = Debug|Any CPU
		{16163148-DD5D-4608-AEB4-E33BEEFED32D}.Release|Any CPU.ActiveCfg = Release|Any CPU
		{16163148-DD5D-4608-AEB4-E33BEEFED32D}.Release|Any CPU.Build.0 = Release|Any CPU
	EndGlobalSection
	GlobalSection(SolutionProperties) = preSolution
		HideSolutionNode = FALSE
	EndGlobalSection
	GlobalSection(ExtensibilityGlobals) = postSolution
		SolutionGuid = {F99A2438-AB35-4FBB-958A-A05489E69897}
	EndGlobalSection
EndGlobal
